
Microsoft Visual Studio Solution File, Format Version 12.00
# Visual Studio 2012
Project("{FAE04EC0-301F-11D3-BF4B-00C04F79EFBC}") = "EFAppli8", "EFAppli8\EFAppli8.csproj", "{481BD329-7AFC-4E5B-AE57-615745DABDEA}"
EndProject
Global
	GlobalSection(SolutionConfigurationPlatforms) = preSolution
		Debug|Any CPU = Debug|Any CPU
		Release|Any CPU = Release|Any CPU
	EndGlobalSection
	GlobalSection(ProjectConfigurationPlatforms) = postSolution
		{481BD329-7AFC-4E5B-AE57-615745DABDEA}.Debug|Any CPU.ActiveCfg = Debug|Any CPU
		{481BD329-7AFC-4E5B-AE57-615745DABDEA}.Debug|Any CPU.Build.0 = Debug|Any CPU
		{481BD329-7AFC-4E5B-AE57-615745DABDEA}.Release|Any CPU.ActiveCfg = Release|Any CPU
		{481BD329-7AFC-4E5B-AE57-615745DABDEA}.Release|Any CPU.Build.0 = Release|Any CPU
	EndGlobalSection
	GlobalSection(SolutionProperties) = preSolution
		HideSolutionNode = FALSE
	EndGlobalSection
EndGlobal
